
Microsoft Visual Studio Solution File, Format Version 12.00
# Visual Studio Version 17
VisualStudioVersion = 17.0.32112.339
MinimumVisualStudioVersion = 10.0.40219.1
Project("{2150E333-8FDC-42A3-9474-1A3956D46DE8}") = "Lesson1", "Lesson1", "{9DF98DCA-B755-48F1-B0E7-8DC0817AC2B9}"
EndProject
Project("{9A19103F-16F7-4668-BE54-9A1E7A4F7556}") = "Introduction", "Introduction\Introduction.csproj", "{02891C9D-3C95-44E0-8F62-BEBBB90EB144}"
EndProject
Project("{2150E333-8FDC-42A3-9474-1A3956D46DE8}") = "Lesson2", "Lesson2", "{DF9EBCBC-F3C9-4542-8D56-D8CA96E2CC72}"
EndProject
Project("{9A19103F-16F7-4668-BE54-9A1E7A4F7556}") = "ClassesAndObjects", "ClassesAndObjects\ClassesAndObjects.csproj", "{FF692BE9-95F6-49C1-AD57-A6AFD18848E0}"
EndProject
Project("{2150E333-8FDC-42A3-9474-1A3956D46DE8}") = "Lesson3", "Lesson3", "{ACAAF998-5F1E-4CF5-A9F9-CB151040ABCD}"
EndProject
Project("{9A19103F-16F7-4668-BE54-9A1E7A4F7556}") = "RefAndValueTypes", "RefAndValueTypes\RefAndValueTypes.csproj", "{D7952ABA-7AB6-445C-BFA0-96C497C12953}"
EndProject
Project("{2150E333-8FDC-42A3-9474-1A3956D46DE8}") = "Lesson4", "Lesson4", "{34D974BC-0791-4755-B017-7A3CB81566E3}"
EndProject
Project("{9A19103F-16F7-4668-BE54-9A1E7A4F7556}") = "Incapsulation", "Incapsulation\Incapsulation.csproj", "{9587B766-F2F3-4C13-9103-48B145CAD48D}"
EndProject
Project("{9A19103F-16F7-4668-BE54-9A1E7A4F7556}") = "Incapsulation.Data", "Incapsulation.Data\Incapsulation.Data.csproj", "{12DAB293-AE6A-445C-92A7-C205BE3CDE7B}"
EndProject
Project("{2150E333-8FDC-42A3-9474-1A3956D46DE8}") = "Lesson5", "Lesson5", "{B80EBFEC-6351-4BBC-83BC-E89AD23E2470}"
EndProject
Project("{9A19103F-16F7-4668-BE54-9A1E7A4F7556}") = "PolymorphismAndOverloading", "PolymorphismAndOverloading\PolymorphismAndOverloading.csproj", "{22A17A12-DFEC-47D3-9084-4C1E6E91237B}"
EndProject
Project("{2150E333-8FDC-42A3-9474-1A3956D46DE8}") = "Lesson6", "Lesson6", "{F9680299-510E-47DC-9420-97A325F6242B}"
EndProject
Project("{9A19103F-16F7-4668-BE54-9A1E7A4F7556}") = "Interfaces", "Interfaces\Interfaces.csproj", "{63BC3C23-9960-40B4-95E0-4A7E2F0AF268}"
EndProject
Project("{2150E333-8FDC-42A3-9474-1A3956D46DE8}") = "Lesson7", "Lesson7", "{B5EE70D9-FB37-4936-BFC1-1E7A5029D307}"
EndProject
Project("{FAE04EC0-301F-11D3-BF4B-00C04F79EFBC}") = "ActManager", "ActManager\ActManager.csproj", "{4FF0B8B8-B42B-4EFD-B759-CB61354B286E}"
EndProject
Project("{FAE04EC0-301F-11D3-BF4B-00C04F79EFBC}") = "ActManagerTests", "ActManagerTests\ActManagerTests.csproj", "{4EB91A3A-D1CA-47B9-AD00-3D44FB3CF308}"
EndProject
Global
	GlobalSection(SolutionConfigurationPlatforms) = preSolution
		Debug|Any CPU = Debug|Any CPU
		Release|Any CPU = Release|Any CPU
	EndGlobalSection
	GlobalSection(ProjectConfigurationPlatforms) = postSolution
		{02891C9D-3C95-44E0-8F62-BEBBB90EB144}.Debug|Any CPU.ActiveCfg = Debug|Any CPU
		{02891C9D-3C95-44E0-8F62-BEBBB90EB144}.Debug|Any CPU.Build.0 = Debug|Any CPU
		{02891C9D-3C95-44E0-8F62-BEBBB90EB144}.Release|Any CPU.ActiveCfg = Release|Any CPU
		{02891C9D-3C95-44E0-8F62-BEBBB90EB144}.Release|Any CPU.Build.0 = Release|Any CPU
		{FF692BE9-95F6-49C1-AD57-A6AFD18848E0}.Debug|Any CPU.ActiveCfg = Debug|Any CPU
		{FF692BE9-95F6-49C1-AD57-A6AFD18848E0}.Debug|Any CPU.Build.0 = Debug|Any CPU
		{FF692BE9-95F6-49C1-AD57-A6AFD18848E0}.Release|Any CPU.ActiveCfg = Release|Any CPU
		{FF692BE9-95F6-49C1-AD57-A6AFD18848E0}.Release|Any CPU.Build.0 = Release|Any CPU
		{D7952ABA-7AB6-445C-BFA0-96C497C12953}.Debug|Any CPU.ActiveCfg = Debug|Any CPU
		{D7952ABA-7AB6-445C-BFA0-96C497C12953}.Debug|Any CPU.Build.0 = Debug|Any CPU
		{D7952ABA-7AB6-445C-BFA0-96C497C12953}.Release|Any CPU.ActiveCfg = Release|Any CPU
		{D7952ABA-7AB6-445C-BFA0-96C497C12953}.Release|Any CPU.Build.0 = Release|Any CPU
		{9587B766-F2F3-4C13-9103-48B145CAD48D}.Debug|Any CPU.ActiveCfg = Debug|Any CPU
		{9587B766-F2F3-4C13-9103-48B145CAD48D}.Debug|Any CPU.Build.0 = Debug|Any CPU
		{9587B766-F2F3-4C13-9103-48B145CAD48D}.Release|Any CPU.ActiveCfg = Release|Any CPU
		{9587B766-F2F3-4C13-9103-48B145CAD48D}.Release|Any CPU.Build.0 = Release|Any CPU
		{12DAB293-AE6A-445C-92A7-C205BE3CDE7B}.Debug|Any CPU.ActiveCfg = Debug|Any CPU
		{12DAB293-AE6A-445C-92A7-C205BE3CDE7B}.Debug|Any CPU.Build.0 = Debug|Any CPU
		{12DAB293-AE6A-445C-92A7-C205BE3CDE7B}.Release|Any CPU.ActiveCfg = Release|Any CPU
		{12DAB293-AE6A-445C-92A7-C205BE3CDE7B}.Release|Any CPU.Build.0 = Release|Any CPU
		{22A17A12-DFEC-47D3-9084-4C1E6E91237B}.Debug|Any CPU.ActiveCfg = Debug|Any CPU
		{22A17A12-DFEC-47D3-9084-4C1E6E91237B}.Debug|Any CPU.Build.0 = Debug|Any CPU
		{22A17A12-DFEC-47D3-9084-4C1E6E91237B}.Release|Any CPU.ActiveCfg = Release|Any CPU
		{22A17A12-DFEC-47D3-9084-4C1E6E91237B}.Release|Any CPU.Build.0 = Release|Any CPU
		{63BC3C23-9960-40B4-95E0-4A7E2F0AF268}.Debug|Any CPU.ActiveCfg = Debug|Any CPU
		{63BC3C23-9960-40B4-95E0-4A7E2F0AF268}.Debug|Any CPU.Build.0 = Debug|Any CPU
		{63BC3C23-9960-40B4-95E0-4A7E2F0AF268}.Release|Any CPU.ActiveCfg = Release|Any CPU
		{63BC3C23-9960-40B4-95E0-4A7E2F0AF268}.Release|Any CPU.Build.0 = Release|Any CPU
		{4FF0B8B8-B42B-4EFD-B759-CB61354B286E}.Debug|Any CPU.ActiveCfg = Debug|Any CPU
		{4FF0B8B8-B42B-4EFD-B759-CB61354B286E}.Debug|Any CPU.Build.0 = Debug|Any CPU
		{4FF0B8B8-B42B-4EFD-B759-CB61354B286E}.Release|Any CPU.ActiveCfg = Release|Any CPU
		{4FF0B8B8-B42B-4EFD-B759-CB61354B286E}.Release|Any CPU.Build.0 = Release|Any CPU
		{4EB91A3A-D1CA-47B9-AD00-3D44FB3CF308}.Debug|Any CPU.ActiveCfg = Debug|Any CPU
		{4EB91A3A-D1CA-47B9-AD00-3D44FB3CF308}.Debug|Any CPU.Build.0 = Debug|Any CPU
		{4EB91A3A-D1CA-47B9-AD00-3D44FB3CF308}.Release|Any CPU.ActiveCfg = Release|Any CPU
		{4EB91A3A-D1CA-47B9-AD00-3D44FB3CF308}.Release|Any CPU.Build.0 = Release|Any CPU
	EndGlobalSection
	GlobalSection(SolutionProperties) = preSolution
		HideSolutionNode = FALSE
	EndGlobalSection
	GlobalSection(NestedProjects) = preSolution
		{02891C9D-3C95-44E0-8F62-BEBBB90EB144} = {9DF98DCA-B755-48F1-B0E7-8DC0817AC2B9}
		{FF692BE9-95F6-49C1-AD57-A6AFD18848E0} = {DF9EBCBC-F3C9-4542-8D56-D8CA96E2CC72}
		{D7952ABA-7AB6-445C-BFA0-96C497C12953} = {ACAAF998-5F1E-4CF5-A9F9-CB151040ABCD}
		{9587B766-F2F3-4C13-9103-48B145CAD48D} = {34D974BC-0791-4755-B017-7A3CB81566E3}
		{12DAB293-AE6A-445C-92A7-C205BE3CDE7B} = {34D974BC-0791-4755-B017-7A3CB81566E3}
		{22A17A12-DFEC-47D3-9084-4C1E6E91237B} = {B80EBFEC-6351-4BBC-83BC-E89AD23E2470}
		{63BC3C23-9960-40B4-95E0-4A7E2F0AF268} = {F9680299-510E-47DC-9420-97A325F6242B}
		{4FF0B8B8-B42B-4EFD-B759-CB61354B286E} = {B5EE70D9-FB37-4936-BFC1-1E7A5029D307}
		{4EB91A3A-D1CA-47B9-AD00-3D44FB3CF308} = {B5EE70D9-FB37-4936-BFC1-1E7A5029D307}
	EndGlobalSection
	GlobalSection(ExtensibilityGlobals) = postSolution
		SolutionGuid = {DB074557-7E61-4FA5-84A8-A68F97A6A180}
	EndGlobalSection
EndGlobal
